// !$*UTF8*$!
{
	archiveVersion = 1;
	classes = {
	};
	objectVersion = 51;
	objects = {

/* Begin PBXBuildFile section */
		4B54417407407AE0F0A6CEE4 /* Pods_Gradients.framework in Frameworks */ = {isa = PBXBuildFile; fileRef = 7B19C5A0082C2D4D7BE64AB7 /* Pods_Gradients.framework */; };
		B8017C1B2568866600BD2693 /* AddNewColorCell.xib in Resources */ = {isa = PBXBuildFile; fileRef = B8017C1A2568866600BD2693 /* AddNewColorCell.xib */; };
		B898C4DD255AC4600082582B /* AppDelegate.swift in Sources */ = {isa = PBXBuildFile; fileRef = B898C4DC255AC4600082582B /* AppDelegate.swift */; };
		B898C4DF255AC4600082582B /* SceneDelegate.swift in Sources */ = {isa = PBXBuildFile; fileRef = B898C4DE255AC4600082582B /* SceneDelegate.swift */; };
		B898C4E4255AC4600082582B /* Main.storyboard in Resources */ = {isa = PBXBuildFile; fileRef = B898C4E2255AC4600082582B /* Main.storyboard */; };
		B898C4E7255AC4600082582B /* Gradients.xcdatamodeld in Sources */ = {isa = PBXBuildFile; fileRef = B898C4E5255AC4600082582B /* Gradients.xcdatamodeld */; };
		B898C4E9255AC4620082582B /* Assets.xcassets in Resources */ = {isa = PBXBuildFile; fileRef = B898C4E8255AC4620082582B /* Assets.xcassets */; };
		B898C4EC255AC4620082582B /* LaunchScreen.storyboard in Resources */ = {isa = PBXBuildFile; fileRef = B898C4EA255AC4620082582B /* LaunchScreen.storyboard */; };
		B898C4F7255AC4620082582B /* GradientsTests.swift in Sources */ = {isa = PBXBuildFile; fileRef = B898C4F6255AC4620082582B /* GradientsTests.swift */; };
		B898C502255AC4620082582B /* GradientsUITests.swift in Sources */ = {isa = PBXBuildFile; fileRef = B898C501255AC4620082582B /* GradientsUITests.swift */; };
		B89E511F255ADF2700E8CC65 /* ConcertOne-Regular.ttf in Resources */ = {isa = PBXBuildFile; fileRef = B89E511E255ADF2700E8CC65 /* ConcertOne-Regular.ttf */; };
		B89E5120255ADF2700E8CC65 /* ConcertOne-Regular.ttf in Resources */ = {isa = PBXBuildFile; fileRef = B89E511E255ADF2700E8CC65 /* ConcertOne-Regular.ttf */; };
		B89E5121255ADF2700E8CC65 /* ConcertOne-Regular.ttf in Resources */ = {isa = PBXBuildFile; fileRef = B89E511E255ADF2700E8CC65 /* ConcertOne-Regular.ttf */; };
		B89E5126255ADF3700E8CC65 /* Montserrat-Bold.ttf in Resources */ = {isa = PBXBuildFile; fileRef = B89E5125255ADF3700E8CC65 /* Montserrat-Bold.ttf */; };
		B89E5127255ADF3700E8CC65 /* Montserrat-Bold.ttf in Resources */ = {isa = PBXBuildFile; fileRef = B89E5125255ADF3700E8CC65 /* Montserrat-Bold.ttf */; };
		B89E5128255ADF3700E8CC65 /* Montserrat-Bold.ttf in Resources */ = {isa = PBXBuildFile; fileRef = B89E5125255ADF3700E8CC65 /* Montserrat-Bold.ttf */; };
		B89E5130255ADF4400E8CC65 /* Montserrat-Regular.ttf in Resources */ = {isa = PBXBuildFile; fileRef = B89E512F255ADF4400E8CC65 /* Montserrat-Regular.ttf */; };
		B89E5131255ADF4400E8CC65 /* Montserrat-Regular.ttf in Resources */ = {isa = PBXBuildFile; fileRef = B89E512F255ADF4400E8CC65 /* Montserrat-Regular.ttf */; };
		B89E5132255ADF4400E8CC65 /* Montserrat-Regular.ttf in Resources */ = {isa = PBXBuildFile; fileRef = B89E512F255ADF4400E8CC65 /* Montserrat-Regular.ttf */; };
		B8B62D63256712CA003BF656 /* ExportSlideView.xib in Resources */ = {isa = PBXBuildFile; fileRef = B8B62D62256712CA003BF656 /* ExportSlideView.xib */; };
		B8B62D6F25671C6C003BF656 /* PresentationController.swift in Sources */ = {isa = PBXBuildFile; fileRef = B8B62D6E25671C6C003BF656 /* PresentationController.swift */; };
		B8B62D7325671CEC003BF656 /* ImageSaver.swift in Sources */ = {isa = PBXBuildFile; fileRef = B8BDBC9D255B70F3009290E4 /* ImageSaver.swift */; };
		B8B62D7425671CEC003BF656 /* ImageSaver.swift in Sources */ = {isa = PBXBuildFile; fileRef = B8BDBC9D255B70F3009290E4 /* ImageSaver.swift */; };
		B8B62D96256722E7003BF656 /* ExportSlideViewController.swift in Sources */ = {isa = PBXBuildFile; fileRef = B8B62D95256722E7003BF656 /* ExportSlideViewController.swift */; };
		B8B62DA42567C5E9003BF656 /* Gradient.swift in Sources */ = {isa = PBXBuildFile; fileRef = B8B62DA32567C5E9003BF656 /* Gradient.swift */; };
		B8BDBC92255AE9E0009290E4 /* CreateViewController.swift in Sources */ = {isa = PBXBuildFile; fileRef = B8BDBC91255AE9E0009290E4 /* CreateViewController.swift */; };
		B8BDBC9E255B70F3009290E4 /* ImageSaver.swift in Sources */ = {isa = PBXBuildFile; fileRef = B8BDBC9D255B70F3009290E4 /* ImageSaver.swift */; };
		B8BDBCAA255BDF0B009290E4 /* SelectedColor.swift in Sources */ = {isa = PBXBuildFile; fileRef = B8BDBCA9255BDF0B009290E4 /* SelectedColor.swift */; };
		B8BDBCAB255BDF0B009290E4 /* SelectedColor.swift in Sources */ = {isa = PBXBuildFile; fileRef = B8BDBCA9255BDF0B009290E4 /* SelectedColor.swift */; };
		B8BDBCAC255BDF0B009290E4 /* SelectedColor.swift in Sources */ = {isa = PBXBuildFile; fileRef = B8BDBCA9255BDF0B009290E4 /* SelectedColor.swift */; };
		B8BDBCB5255BE4E5009290E4 /* ColorCell.swift in Sources */ = {isa = PBXBuildFile; fileRef = B8BDBCB3255BE4E5009290E4 /* ColorCell.swift */; };
		B8BDBCB6255BE4E5009290E4 /* ColorCell.swift in Sources */ = {isa = PBXBuildFile; fileRef = B8BDBCB3255BE4E5009290E4 /* ColorCell.swift */; };
		B8BDBCB7255BE4E5009290E4 /* ColorCell.swift in Sources */ = {isa = PBXBuildFile; fileRef = B8BDBCB3255BE4E5009290E4 /* ColorCell.swift */; };
		B8BDBCB8255BE4E5009290E4 /* ColorCell.xib in Resources */ = {isa = PBXBuildFile; fileRef = B8BDBCB4255BE4E5009290E4 /* ColorCell.xib */; };
		B8BDBCB9255BE4E5009290E4 /* ColorCell.xib in Resources */ = {isa = PBXBuildFile; fileRef = B8BDBCB4255BE4E5009290E4 /* ColorCell.xib */; };
		B8BDBCBA255BE4E5009290E4 /* ColorCell.xib in Resources */ = {isa = PBXBuildFile; fileRef = B8BDBCB4255BE4E5009290E4 /* ColorCell.xib */; };
		B8BDBCC0255C52F1009290E4 /* ColorHelper.swift in Sources */ = {isa = PBXBuildFile; fileRef = B8BDBCBF255C52F1009290E4 /* ColorHelper.swift */; };
		B8BDBCC1255C52F2009290E4 /* ColorHelper.swift in Sources */ = {isa = PBXBuildFile; fileRef = B8BDBCBF255C52F1009290E4 /* ColorHelper.swift */; };
		B8BDBCC2255C52F2009290E4 /* ColorHelper.swift in Sources */ = {isa = PBXBuildFile; fileRef = B8BDBCBF255C52F1009290E4 /* ColorHelper.swift */; };
		B8BDBCCB255CAABE009290E4 /* AddNewColorCell.swift in Sources */ = {isa = PBXBuildFile; fileRef = B8BDBCC9255CAABD009290E4 /* AddNewColorCell.swift */; };
		B8BDBCCC255CAABE009290E4 /* AddNewColorCell.swift in Sources */ = {isa = PBXBuildFile; fileRef = B8BDBCC9255CAABD009290E4 /* AddNewColorCell.swift */; };
		B8BDBCCD255CAABF009290E4 /* AddNewColorCell.swift in Sources */ = {isa = PBXBuildFile; fileRef = B8BDBCC9255CAABD009290E4 /* AddNewColorCell.swift */; };
		B8BDBCD5255DB471009290E4 /* ExportViewController.swift in Sources */ = {isa = PBXBuildFile; fileRef = B8BDBCD4255DB470009290E4 /* ExportViewController.swift */; };
		B8BDBCD6255DB471009290E4 /* ExportViewController.swift in Sources */ = {isa = PBXBuildFile; fileRef = B8BDBCD4255DB470009290E4 /* ExportViewController.swift */; };
		B8BDBCD7255DB471009290E4 /* ExportViewController.swift in Sources */ = {isa = PBXBuildFile; fileRef = B8BDBCD4255DB470009290E4 /* ExportViewController.swift */; };
		B8E3292C256C108C001CA7A4 /* GradientsCollectionViewController.swift in Sources */ = {isa = PBXBuildFile; fileRef = B8E3292B256C108C001CA7A4 /* GradientsCollectionViewController.swift */; };
		B8E32935256C11CD001CA7A4 /* GradientsCollectionViewCell.swift in Sources */ = {isa = PBXBuildFile; fileRef = B8E32933256C11CD001CA7A4 /* GradientsCollectionViewCell.swift */; };
		B8E32949256D25EE001CA7A4 /* GradientCell.xib in Resources */ = {isa = PBXBuildFile; fileRef = B8E32948256D25EE001CA7A4 /* GradientCell.xib */; };
		B8E3294F256E7BAD001CA7A4 /* GradientsCollectionViewHeader.swift in Sources */ = {isa = PBXBuildFile; fileRef = B8E3294D256E7BAD001CA7A4 /* GradientsCollectionViewHeader.swift */; };
		B8F17220256299EE00D8F749 /* ExportViewTest.swift in Sources */ = {isa = PBXBuildFile; fileRef = B8F1721F256299EE00D8F749 /* ExportViewTest.swift */; };
		DB234EB29EB3F5B06A670792 /* Pods_Gradients_GradientsUITests.framework in Frameworks */ = {isa = PBXBuildFile; fileRef = A3B929FCA32AEBD1D9076A75 /* Pods_Gradients_GradientsUITests.framework */; };
		E1CF73F66CAE0364635F097A /* Pods_GradientsTests.framework in Frameworks */ = {isa = PBXBuildFile; fileRef = F08116BF82F09C1C0774C8AE /* Pods_GradientsTests.framework */; };
/* End PBXBuildFile section */

/* Begin PBXContainerItemProxy section */
		B898C4F3255AC4620082582B /* PBXContainerItemProxy */ = {
			isa = PBXContainerItemProxy;
			containerPortal = B898C4D1255AC45F0082582B /* Project object */;
			proxyType = 1;
			remoteGlobalIDString = B898C4D8255AC45F0082582B;
			remoteInfo = Gradients;
		};
		B898C4FE255AC4620082582B /* PBXContainerItemProxy */ = {
			isa = PBXContainerItemProxy;
			containerPortal = B898C4D1255AC45F0082582B /* Project object */;
			proxyType = 1;
			remoteGlobalIDString = B898C4D8255AC45F0082582B;
			remoteInfo = Gradients;
		};
/* End PBXContainerItemProxy section */

/* Begin PBXFileReference section */
		4E66BBA2376B2645C180BCF4 /* Pods-GradientsTests.release.xcconfig */ = {isa = PBXFileReference; includeInIndex = 1; lastKnownFileType = text.xcconfig; name = "Pods-GradientsTests.release.xcconfig"; path = "Target Support Files/Pods-GradientsTests/Pods-GradientsTests.release.xcconfig"; sourceTree = "<group>"; };
		50572FFC27E98E4212C633F2 /* Pods-Gradients-GradientsUITests.debug.xcconfig */ = {isa = PBXFileReference; includeInIndex = 1; lastKnownFileType = text.xcconfig; name = "Pods-Gradients-GradientsUITests.debug.xcconfig"; path = "Target Support Files/Pods-Gradients-GradientsUITests/Pods-Gradients-GradientsUITests.debug.xcconfig"; sourceTree = "<group>"; };
		785C8490863479048CF7B995 /* Pods-GradientsTests.debug.xcconfig */ = {isa = PBXFileReference; includeInIndex = 1; lastKnownFileType = text.xcconfig; name = "Pods-GradientsTests.debug.xcconfig"; path = "Target Support Files/Pods-GradientsTests/Pods-GradientsTests.debug.xcconfig"; sourceTree = "<group>"; };
		7B19C5A0082C2D4D7BE64AB7 /* Pods_Gradients.framework */ = {isa = PBXFileReference; explicitFileType = wrapper.framework; includeInIndex = 0; path = Pods_Gradients.framework; sourceTree = BUILT_PRODUCTS_DIR; };
		A3B929FCA32AEBD1D9076A75 /* Pods_Gradients_GradientsUITests.framework */ = {isa = PBXFileReference; explicitFileType = wrapper.framework; includeInIndex = 0; path = Pods_Gradients_GradientsUITests.framework; sourceTree = BUILT_PRODUCTS_DIR; };
		B8017C1A2568866600BD2693 /* AddNewColorCell.xib */ = {isa = PBXFileReference; fileEncoding = 4; lastKnownFileType = file.xib; path = AddNewColorCell.xib; sourceTree = "<group>"; };
		B898C4D9255AC4600082582B /* Gradients.app */ = {isa = PBXFileReference; explicitFileType = wrapper.application; includeInIndex = 0; path = Gradients.app; sourceTree = BUILT_PRODUCTS_DIR; };
		B898C4DC255AC4600082582B /* AppDelegate.swift */ = {isa = PBXFileReference; lastKnownFileType = sourcecode.swift; path = AppDelegate.swift; sourceTree = "<group>"; };
		B898C4DE255AC4600082582B /* SceneDelegate.swift */ = {isa = PBXFileReference; lastKnownFileType = sourcecode.swift; path = SceneDelegate.swift; sourceTree = "<group>"; };
		B898C4E3255AC4600082582B /* Base */ = {isa = PBXFileReference; lastKnownFileType = file.storyboard; name = Base; path = Base.lproj/Main.storyboard; sourceTree = "<group>"; };
		B898C4E6255AC4600082582B /* Gradients.xcdatamodel */ = {isa = PBXFileReference; lastKnownFileType = wrapper.xcdatamodel; path = Gradients.xcdatamodel; sourceTree = "<group>"; };
		B898C4E8255AC4620082582B /* Assets.xcassets */ = {isa = PBXFileReference; lastKnownFileType = folder.assetcatalog; path = Assets.xcassets; sourceTree = "<group>"; };
		B898C4EB255AC4620082582B /* Base */ = {isa = PBXFileReference; lastKnownFileType = file.storyboard; name = Base; path = Base.lproj/LaunchScreen.storyboard; sourceTree = "<group>"; };
		B898C4ED255AC4620082582B /* Info.plist */ = {isa = PBXFileReference; lastKnownFileType = text.plist.xml; path = Info.plist; sourceTree = "<group>"; };
		B898C4F2255AC4620082582B /* GradientsTests.xctest */ = {isa = PBXFileReference; explicitFileType = wrapper.cfbundle; includeInIndex = 0; path = GradientsTests.xctest; sourceTree = BUILT_PRODUCTS_DIR; };
		B898C4F6255AC4620082582B /* GradientsTests.swift */ = {isa = PBXFileReference; lastKnownFileType = sourcecode.swift; path = GradientsTests.swift; sourceTree = "<group>"; };
		B898C4F8255AC4620082582B /* Info.plist */ = {isa = PBXFileReference; lastKnownFileType = text.plist.xml; path = Info.plist; sourceTree = "<group>"; };
		B898C4FD255AC4620082582B /* GradientsUITests.xctest */ = {isa = PBXFileReference; explicitFileType = wrapper.cfbundle; includeInIndex = 0; path = GradientsUITests.xctest; sourceTree = BUILT_PRODUCTS_DIR; };
		B898C501255AC4620082582B /* GradientsUITests.swift */ = {isa = PBXFileReference; lastKnownFileType = sourcecode.swift; path = GradientsUITests.swift; sourceTree = "<group>"; };
		B898C503255AC4620082582B /* Info.plist */ = {isa = PBXFileReference; lastKnownFileType = text.plist.xml; path = Info.plist; sourceTree = "<group>"; };
		B89E511E255ADF2700E8CC65 /* ConcertOne-Regular.ttf */ = {isa = PBXFileReference; lastKnownFileType = file; path = "ConcertOne-Regular.ttf"; sourceTree = "<group>"; };
		B89E5125255ADF3700E8CC65 /* Montserrat-Bold.ttf */ = {isa = PBXFileReference; lastKnownFileType = file; path = "Montserrat-Bold.ttf"; sourceTree = "<group>"; };
		B89E512F255ADF4400E8CC65 /* Montserrat-Regular.ttf */ = {isa = PBXFileReference; lastKnownFileType = file; path = "Montserrat-Regular.ttf"; sourceTree = "<group>"; };
		B8B62D62256712CA003BF656 /* ExportSlideView.xib */ = {isa = PBXFileReference; lastKnownFileType = file.xib; path = ExportSlideView.xib; sourceTree = "<group>"; };
		B8B62D6E25671C6C003BF656 /* PresentationController.swift */ = {isa = PBXFileReference; fileEncoding = 4; lastKnownFileType = sourcecode.swift; path = PresentationController.swift; sourceTree = "<group>"; };
		B8B62D95256722E7003BF656 /* ExportSlideViewController.swift */ = {isa = PBXFileReference; lastKnownFileType = sourcecode.swift; path = ExportSlideViewController.swift; sourceTree = "<group>"; };
		B8B62DA32567C5E9003BF656 /* Gradient.swift */ = {isa = PBXFileReference; lastKnownFileType = sourcecode.swift; path = Gradient.swift; sourceTree = "<group>"; };
		B8BDBC91255AE9E0009290E4 /* CreateViewController.swift */ = {isa = PBXFileReference; lastKnownFileType = sourcecode.swift; path = CreateViewController.swift; sourceTree = "<group>"; };
		B8BDBC9D255B70F3009290E4 /* ImageSaver.swift */ = {isa = PBXFileReference; lastKnownFileType = sourcecode.swift; path = ImageSaver.swift; sourceTree = "<group>"; };
		B8BDBCA9255BDF0B009290E4 /* SelectedColor.swift */ = {isa = PBXFileReference; lastKnownFileType = sourcecode.swift; path = SelectedColor.swift; sourceTree = "<group>"; };
		B8BDBCB3255BE4E5009290E4 /* ColorCell.swift */ = {isa = PBXFileReference; lastKnownFileType = sourcecode.swift; path = ColorCell.swift; sourceTree = "<group>"; };
		B8BDBCB4255BE4E5009290E4 /* ColorCell.xib */ = {isa = PBXFileReference; lastKnownFileType = file.xib; path = ColorCell.xib; sourceTree = "<group>"; };
		B8BDBCBF255C52F1009290E4 /* ColorHelper.swift */ = {isa = PBXFileReference; lastKnownFileType = sourcecode.swift; path = ColorHelper.swift; sourceTree = "<group>"; };
		B8BDBCC9255CAABD009290E4 /* AddNewColorCell.swift */ = {isa = PBXFileReference; lastKnownFileType = sourcecode.swift; path = AddNewColorCell.swift; sourceTree = "<group>"; };
		B8BDBCD4255DB470009290E4 /* ExportViewController.swift */ = {isa = PBXFileReference; lastKnownFileType = sourcecode.swift; path = ExportViewController.swift; sourceTree = "<group>"; };
		B8E3292B256C108C001CA7A4 /* GradientsCollectionViewController.swift */ = {isa = PBXFileReference; lastKnownFileType = sourcecode.swift; path = GradientsCollectionViewController.swift; sourceTree = "<group>"; };
		B8E32933256C11CD001CA7A4 /* GradientsCollectionViewCell.swift */ = {isa = PBXFileReference; lastKnownFileType = sourcecode.swift; path = GradientsCollectionViewCell.swift; sourceTree = "<group>"; };
		B8E32948256D25EE001CA7A4 /* GradientCell.xib */ = {isa = PBXFileReference; lastKnownFileType = file.xib; path = GradientCell.xib; sourceTree = "<group>"; };
		B8E3294D256E7BAD001CA7A4 /* GradientsCollectionViewHeader.swift */ = {isa = PBXFileReference; lastKnownFileType = sourcecode.swift; path = GradientsCollectionViewHeader.swift; sourceTree = "<group>"; };
		B8F1721F256299EE00D8F749 /* ExportViewTest.swift */ = {isa = PBXFileReference; lastKnownFileType = sourcecode.swift; path = ExportViewTest.swift; sourceTree = "<group>"; };
		CC69EC56D99A7BCB0171F0E8 /* Pods-Gradients.release.xcconfig */ = {isa = PBXFileReference; includeInIndex = 1; lastKnownFileType = text.xcconfig; name = "Pods-Gradients.release.xcconfig"; path = "Target Support Files/Pods-Gradients/Pods-Gradients.release.xcconfig"; sourceTree = "<group>"; };
		D11B620A873A6E548861DEBC /* Pods-Gradients.debug.xcconfig */ = {isa = PBXFileReference; includeInIndex = 1; lastKnownFileType = text.xcconfig; name = "Pods-Gradients.debug.xcconfig"; path = "Target Support Files/Pods-Gradients/Pods-Gradients.debug.xcconfig"; sourceTree = "<group>"; };
		DAAB012C7C4EB9C9A96956D3 /* Pods-Gradients-GradientsUITests.release.xcconfig */ = {isa = PBXFileReference; includeInIndex = 1; lastKnownFileType = text.xcconfig; name = "Pods-Gradients-GradientsUITests.release.xcconfig"; path = "Target Support Files/Pods-Gradients-GradientsUITests/Pods-Gradients-GradientsUITests.release.xcconfig"; sourceTree = "<group>"; };
		F08116BF82F09C1C0774C8AE /* Pods_GradientsTests.framework */ = {isa = PBXFileReference; explicitFileType = wrapper.framework; includeInIndex = 0; path = Pods_GradientsTests.framework; sourceTree = BUILT_PRODUCTS_DIR; };
/* End PBXFileReference section */

/* Begin PBXFrameworksBuildPhase section */
		B898C4D6255AC45F0082582B /* Frameworks */ = {
			isa = PBXFrameworksBuildPhase;
			buildActionMask = 2147483647;
			files = (
				4B54417407407AE0F0A6CEE4 /* Pods_Gradients.framework in Frameworks */,
			);
			runOnlyForDeploymentPostprocessing = 0;
		};
		B898C4EF255AC4620082582B /* Frameworks */ = {
			isa = PBXFrameworksBuildPhase;
			buildActionMask = 2147483647;
			files = (
				E1CF73F66CAE0364635F097A /* Pods_GradientsTests.framework in Frameworks */,
			);
			runOnlyForDeploymentPostprocessing = 0;
		};
		B898C4FA255AC4620082582B /* Frameworks */ = {
			isa = PBXFrameworksBuildPhase;
			buildActionMask = 2147483647;
			files = (
				DB234EB29EB3F5B06A670792 /* Pods_Gradients_GradientsUITests.framework in Frameworks */,
			);
			runOnlyForDeploymentPostprocessing = 0;
		};
/* End PBXFrameworksBuildPhase section */

/* Begin PBXGroup section */
		5E1011A974E2699C6B43D07B /* Frameworks */ = {
			isa = PBXGroup;
			children = (
				7B19C5A0082C2D4D7BE64AB7 /* Pods_Gradients.framework */,
				A3B929FCA32AEBD1D9076A75 /* Pods_Gradients_GradientsUITests.framework */,
				F08116BF82F09C1C0774C8AE /* Pods_GradientsTests.framework */,
			);
			name = Frameworks;
			sourceTree = "<group>";
		};
		B898C4D0255AC45F0082582B = {
			isa = PBXGroup;
			children = (
				B898C4DB255AC4600082582B /* Gradients */,
				B898C4F5255AC4620082582B /* GradientsTests */,
				B898C500255AC4620082582B /* GradientsUITests */,
				B898C4DA255AC4600082582B /* Products */,
				FA84F1022293E7DF9B56844B /* Pods */,
				5E1011A974E2699C6B43D07B /* Frameworks */,
			);
			sourceTree = "<group>";
		};
		B898C4DA255AC4600082582B /* Products */ = {
			isa = PBXGroup;
			children = (
				B898C4D9255AC4600082582B /* Gradients.app */,
				B898C4F2255AC4620082582B /* GradientsTests.xctest */,
				B898C4FD255AC4620082582B /* GradientsUITests.xctest */,
			);
			name = Products;
			sourceTree = "<group>";
		};
		B898C4DB255AC4600082582B /* Gradients */ = {
			isa = PBXGroup;
			children = (
				B8BDBCBE255C52DA009290E4 /* Helper */,
				B8BDBC8D255AE9B5009290E4 /* Controller */,
				B8BDBC8C255AE9A8009290E4 /* View */,
				B8BDBC8B255AE9A2009290E4 /* Model */,
				B89E511D255ADF0C00E8CC65 /* fonts */,
				B898C4DC255AC4600082582B /* AppDelegate.swift */,
				B898C4DE255AC4600082582B /* SceneDelegate.swift */,
				B898C4E8255AC4620082582B /* Assets.xcassets */,
				B898C4ED255AC4620082582B /* Info.plist */,
				B898C4E5255AC4600082582B /* Gradients.xcdatamodeld */,
			);
			path = Gradients;
			sourceTree = "<group>";
		};
		B898C4F5255AC4620082582B /* GradientsTests */ = {
			isa = PBXGroup;
			children = (
				B898C4F6255AC4620082582B /* GradientsTests.swift */,
				B898C4F8255AC4620082582B /* Info.plist */,
			);
			path = GradientsTests;
			sourceTree = "<group>";
		};
		B898C500255AC4620082582B /* GradientsUITests */ = {
			isa = PBXGroup;
			children = (
				B898C501255AC4620082582B /* GradientsUITests.swift */,
				B898C503255AC4620082582B /* Info.plist */,
			);
			path = GradientsUITests;
			sourceTree = "<group>";
		};
		B89E511D255ADF0C00E8CC65 /* fonts */ = {
			isa = PBXGroup;
			children = (
				B89E512F255ADF4400E8CC65 /* Montserrat-Regular.ttf */,
				B89E5125255ADF3700E8CC65 /* Montserrat-Bold.ttf */,
				B89E511E255ADF2700E8CC65 /* ConcertOne-Regular.ttf */,
			);
			path = fonts;
			sourceTree = "<group>";
		};
		B8B62D6725671A3B003BF656 /* Falsch */ = {
			isa = PBXGroup;
			children = (
				B8F1721F256299EE00D8F749 /* ExportViewTest.swift */,
			);
			path = Falsch;
			sourceTree = "<group>";
		};
		B8B62DAB25688491003BF656 /* ListItems */ = {
			isa = PBXGroup;
			children = (
				B8017C1A2568866600BD2693 /* AddNewColorCell.xib */,
				B8BDBCB3255BE4E5009290E4 /* ColorCell.swift */,
				B8BDBCB4255BE4E5009290E4 /* ColorCell.xib */,
				B8BDBCC9255CAABD009290E4 /* AddNewColorCell.swift */,
			);
			path = ListItems;
			sourceTree = "<group>";
		};
		B8BDBC8B255AE9A2009290E4 /* Model */ = {
			isa = PBXGroup;
			children = (
				B8BDBCA9255BDF0B009290E4 /* SelectedColor.swift */,
				B8B62DA32567C5E9003BF656 /* Gradient.swift */,
			);
			path = Model;
			sourceTree = "<group>";
		};
		B8BDBC8C255AE9A8009290E4 /* View */ = {
			isa = PBXGroup;
			children = (
				B898C4EA255AC4620082582B /* LaunchScreen.storyboard */,
				B898C4E2255AC4600082582B /* Main.storyboard */,
				B8B62D62256712CA003BF656 /* ExportSlideView.xib */,
				B8E32933256C11CD001CA7A4 /* GradientsCollectionViewCell.swift */,
				B8E32941256D0E11001CA7A4 /* GradientCollectionComponent */,
				B8B62DAB25688491003BF656 /* ListItems */,
				B8B62D6725671A3B003BF656 /* Falsch */,
				B8E32948256D25EE001CA7A4 /* GradientCell.xib */,
				B8E3294D256E7BAD001CA7A4 /* GradientsCollectionViewHeader.swift */,
			);
			path = View;
			sourceTree = "<group>";
		};
		B8BDBC8D255AE9B5009290E4 /* Controller */ = {
			isa = PBXGroup;
			children = (
				B8BDBC91255AE9E0009290E4 /* CreateViewController.swift */,
				B8B62D95256722E7003BF656 /* ExportSlideViewController.swift */,
				B8E3292B256C108C001CA7A4 /* GradientsCollectionViewController.swift */,
				B8E3293D256D0DDC001CA7A4 /* Falsch */,
			);
			path = Controller;
			sourceTree = "<group>";
		};
		B8BDBCBE255C52DA009290E4 /* Helper */ = {
			isa = PBXGroup;
			children = (
				B8B62D6E25671C6C003BF656 /* PresentationController.swift */,
				B8BDBC9D255B70F3009290E4 /* ImageSaver.swift */,
				B8BDBCBF255C52F1009290E4 /* ColorHelper.swift */,
			);
			path = Helper;
			sourceTree = "<group>";
		};
		B8E3293D256D0DDC001CA7A4 /* Falsch */ = {
			isa = PBXGroup;
			children = (
				B8BDBCD4255DB470009290E4 /* ExportViewController.swift */,
			);
			path = Falsch;
			sourceTree = "<group>";
		};
		B8E32941256D0E11001CA7A4 /* GradientCollectionComponent */ = {
			isa = PBXGroup;
			children = (
			);
			path = GradientCollectionComponent;
			sourceTree = "<group>";
		};
		FA84F1022293E7DF9B56844B /* Pods */ = {
			isa = PBXGroup;
			children = (
				D11B620A873A6E548861DEBC /* Pods-Gradients.debug.xcconfig */,
				CC69EC56D99A7BCB0171F0E8 /* Pods-Gradients.release.xcconfig */,
				50572FFC27E98E4212C633F2 /* Pods-Gradients-GradientsUITests.debug.xcconfig */,
				DAAB012C7C4EB9C9A96956D3 /* Pods-Gradients-GradientsUITests.release.xcconfig */,
				785C8490863479048CF7B995 /* Pods-GradientsTests.debug.xcconfig */,
				4E66BBA2376B2645C180BCF4 /* Pods-GradientsTests.release.xcconfig */,
			);
			path = Pods;
			sourceTree = "<group>";
		};
/* End PBXGroup section */

/* Begin PBXNativeTarget section */
		B898C4D8255AC45F0082582B /* Gradients */ = {
			isa = PBXNativeTarget;
			buildConfigurationList = B898C506255AC4620082582B /* Build configuration list for PBXNativeTarget "Gradients" */;
			buildPhases = (
				A06E0179FB7A946223DFF648 /* [CP] Check Pods Manifest.lock */,
				B898C4D5255AC45F0082582B /* Sources */,
				B898C4D6255AC45F0082582B /* Frameworks */,
				B898C4D7255AC45F0082582B /* Resources */,
				DE9D6F48C35EF0CF5381D57D /* [CP] Embed Pods Frameworks */,
			);
			buildRules = (
			);
			dependencies = (
			);
			name = Gradients;
			productName = Gradients;
			productReference = B898C4D9255AC4600082582B /* Gradients.app */;
			productType = "com.apple.product-type.application";
		};
		B898C4F1255AC4620082582B /* GradientsTests */ = {
			isa = PBXNativeTarget;
			buildConfigurationList = B898C509255AC4620082582B /* Build configuration list for PBXNativeTarget "GradientsTests" */;
			buildPhases = (
				7C71ABCD74298B361C690DF1 /* [CP] Check Pods Manifest.lock */,
				B898C4EE255AC4620082582B /* Sources */,
				B898C4EF255AC4620082582B /* Frameworks */,
				B898C4F0255AC4620082582B /* Resources */,
			);
			buildRules = (
			);
			dependencies = (
				B898C4F4255AC4620082582B /* PBXTargetDependency */,
			);
			name = GradientsTests;
			productName = GradientsTests;
			productReference = B898C4F2255AC4620082582B /* GradientsTests.xctest */;
			productType = "com.apple.product-type.bundle.unit-test";
		};
		B898C4FC255AC4620082582B /* GradientsUITests */ = {
			isa = PBXNativeTarget;
			buildConfigurationList = B898C50C255AC4620082582B /* Build configuration list for PBXNativeTarget "GradientsUITests" */;
			buildPhases = (
				EC8CE1B511282EBB7EF7953B /* [CP] Check Pods Manifest.lock */,
				B898C4F9255AC4620082582B /* Sources */,
				B898C4FA255AC4620082582B /* Frameworks */,
				B898C4FB255AC4620082582B /* Resources */,
				A625CB604C3B1C683B98D9CE /* [CP] Embed Pods Frameworks */,
			);
			buildRules = (
			);
			dependencies = (
				B898C4FF255AC4620082582B /* PBXTargetDependency */,
			);
			name = GradientsUITests;
			productName = GradientsUITests;
			productReference = B898C4FD255AC4620082582B /* GradientsUITests.xctest */;
			productType = "com.apple.product-type.bundle.ui-testing";
		};
/* End PBXNativeTarget section */

/* Begin PBXProject section */
		B898C4D1255AC45F0082582B /* Project object */ = {
			isa = PBXProject;
			attributes = {
				LastSwiftUpdateCheck = 1210;
				LastUpgradeCheck = 1210;
				TargetAttributes = {
					B898C4D8255AC45F0082582B = {
						CreatedOnToolsVersion = 12.1;
					};
					B898C4F1255AC4620082582B = {
						CreatedOnToolsVersion = 12.1;
						TestTargetID = B898C4D8255AC45F0082582B;
					};
					B898C4FC255AC4620082582B = {
						CreatedOnToolsVersion = 12.1;
						TestTargetID = B898C4D8255AC45F0082582B;
					};
				};
			};
			buildConfigurationList = B898C4D4255AC45F0082582B /* Build configuration list for PBXProject "Gradients" */;
			compatibilityVersion = "Xcode 9.3";
			developmentRegion = en;
			hasScannedForEncodings = 0;
			knownRegions = (
				en,
				Base,
			);
			mainGroup = B898C4D0255AC45F0082582B;
			productRefGroup = B898C4DA255AC4600082582B /* Products */;
			projectDirPath = "";
			projectRoot = "";
			targets = (
				B898C4D8255AC45F0082582B /* Gradients */,
				B898C4F1255AC4620082582B /* GradientsTests */,
				B898C4FC255AC4620082582B /* GradientsUITests */,
			);
		};
/* End PBXProject section */

/* Begin PBXResourcesBuildPhase section */
		B898C4D7255AC45F0082582B /* Resources */ = {
			isa = PBXResourcesBuildPhase;
			buildActionMask = 2147483647;
			files = (
				B89E5130255ADF4400E8CC65 /* Montserrat-Regular.ttf in Resources */,
				B89E5126255ADF3700E8CC65 /* Montserrat-Bold.ttf in Resources */,
				B898C4EC255AC4620082582B /* LaunchScreen.storyboard in Resources */,
				B8E32949256D25EE001CA7A4 /* GradientCell.xib in Resources */,
				B8017C1B2568866600BD2693 /* AddNewColorCell.xib in Resources */,
				B89E511F255ADF2700E8CC65 /* ConcertOne-Regular.ttf in Resources */,
				B898C4E9255AC4620082582B /* Assets.xcassets in Resources */,
				B898C4E4255AC4600082582B /* Main.storyboard in Resources */,
				B8BDBCB8255BE4E5009290E4 /* ColorCell.xib in Resources */,
				B8B62D63256712CA003BF656 /* ExportSlideView.xib in Resources */,
			);
			runOnlyForDeploymentPostprocessing = 0;
		};
		B898C4F0255AC4620082582B /* Resources */ = {
			isa = PBXResourcesBuildPhase;
			buildActionMask = 2147483647;
			files = (
				B89E5131255ADF4400E8CC65 /* Montserrat-Regular.ttf in Resources */,
				B8BDBCB9255BE4E5009290E4 /* ColorCell.xib in Resources */,
				B89E5127255ADF3700E8CC65 /* Montserrat-Bold.ttf in Resources */,
				B89E5120255ADF2700E8CC65 /* ConcertOne-Regular.ttf in Resources */,
			);
			runOnlyForDeploymentPostprocessing = 0;
		};
		B898C4FB255AC4620082582B /* Resources */ = {
			isa = PBXResourcesBuildPhase;
			buildActionMask = 2147483647;
			files = (
				B89E5132255ADF4400E8CC65 /* Montserrat-Regular.ttf in Resources */,
				B8BDBCBA255BE4E5009290E4 /* ColorCell.xib in Resources */,
				B89E5128255ADF3700E8CC65 /* Montserrat-Bold.ttf in Resources */,
				B89E5121255ADF2700E8CC65 /* ConcertOne-Regular.ttf in Resources */,
			);
			runOnlyForDeploymentPostprocessing = 0;
		};
/* End PBXResourcesBuildPhase section */

/* Begin PBXShellScriptBuildPhase section */
		7C71ABCD74298B361C690DF1 /* [CP] Check Pods Manifest.lock */ = {
			isa = PBXShellScriptBuildPhase;
			buildActionMask = 2147483647;
			files = (
			);
			inputFileListPaths = (
			);
			inputPaths = (
				"${PODS_PODFILE_DIR_PATH}/Podfile.lock",
				"${PODS_ROOT}/Manifest.lock",
			);
			name = "[CP] Check Pods Manifest.lock";
			outputFileListPaths = (
			);
			outputPaths = (
				"$(DERIVED_FILE_DIR)/Pods-GradientsTests-checkManifestLockResult.txt",
			);
			runOnlyForDeploymentPostprocessing = 0;
			shellPath = /bin/sh;
			shellScript = "diff \"${PODS_PODFILE_DIR_PATH}/Podfile.lock\" \"${PODS_ROOT}/Manifest.lock\" > /dev/null\nif [ $? != 0 ] ; then\n    # print error to STDERR\n    echo \"error: The sandbox is not in sync with the Podfile.lock. Run 'pod install' or update your CocoaPods installation.\" >&2\n    exit 1\nfi\n# This output is used by Xcode 'outputs' to avoid re-running this script phase.\necho \"SUCCESS\" > \"${SCRIPT_OUTPUT_FILE_0}\"\n";
			showEnvVarsInLog = 0;
		};
		A06E0179FB7A946223DFF648 /* [CP] Check Pods Manifest.lock */ = {
			isa = PBXShellScriptBuildPhase;
			buildActionMask = 2147483647;
			files = (
			);
			inputFileListPaths = (
			);
			inputPaths = (
				"${PODS_PODFILE_DIR_PATH}/Podfile.lock",
				"${PODS_ROOT}/Manifest.lock",
			);
			name = "[CP] Check Pods Manifest.lock";
			outputFileListPaths = (
			);
			outputPaths = (
				"$(DERIVED_FILE_DIR)/Pods-Gradients-checkManifestLockResult.txt",
			);
			runOnlyForDeploymentPostprocessing = 0;
			shellPath = /bin/sh;
			shellScript = "diff \"${PODS_PODFILE_DIR_PATH}/Podfile.lock\" \"${PODS_ROOT}/Manifest.lock\" > /dev/null\nif [ $? != 0 ] ; then\n    # print error to STDERR\n    echo \"error: The sandbox is not in sync with the Podfile.lock. Run 'pod install' or update your CocoaPods installation.\" >&2\n    exit 1\nfi\n# This output is used by Xcode 'outputs' to avoid re-running this script phase.\necho \"SUCCESS\" > \"${SCRIPT_OUTPUT_FILE_0}\"\n";
			showEnvVarsInLog = 0;
		};
		A625CB604C3B1C683B98D9CE /* [CP] Embed Pods Frameworks */ = {
			isa = PBXShellScriptBuildPhase;
			buildActionMask = 2147483647;
			files = (
			);
			inputFileListPaths = (
				"${PODS_ROOT}/Target Support Files/Pods-Gradients-GradientsUITests/Pods-Gradients-GradientsUITests-frameworks-${CONFIGURATION}-input-files.xcfilelist",
			);
			name = "[CP] Embed Pods Frameworks";
			outputFileListPaths = (
				"${PODS_ROOT}/Target Support Files/Pods-Gradients-GradientsUITests/Pods-Gradients-GradientsUITests-frameworks-${CONFIGURATION}-output-files.xcfilelist",
			);
			runOnlyForDeploymentPostprocessing = 0;
			shellPath = /bin/sh;
			shellScript = "\"${PODS_ROOT}/Target Support Files/Pods-Gradients-GradientsUITests/Pods-Gradients-GradientsUITests-frameworks.sh\"\n";
			showEnvVarsInLog = 0;
		};
		DE9D6F48C35EF0CF5381D57D /* [CP] Embed Pods Frameworks */ = {
			isa = PBXShellScriptBuildPhase;
			buildActionMask = 2147483647;
			files = (
			);
			inputFileListPaths = (
				"${PODS_ROOT}/Target Support Files/Pods-Gradients/Pods-Gradients-frameworks-${CONFIGURATION}-input-files.xcfilelist",
			);
			name = "[CP] Embed Pods Frameworks";
			outputFileListPaths = (
				"${PODS_ROOT}/Target Support Files/Pods-Gradients/Pods-Gradients-frameworks-${CONFIGURATION}-output-files.xcfilelist",
			);
			runOnlyForDeploymentPostprocessing = 0;
			shellPath = /bin/sh;
			shellScript = "\"${PODS_ROOT}/Target Support Files/Pods-Gradients/Pods-Gradients-frameworks.sh\"\n";
			showEnvVarsInLog = 0;
		};
		EC8CE1B511282EBB7EF7953B /* [CP] Check Pods Manifest.lock */ = {
			isa = PBXShellScriptBuildPhase;
			buildActionMask = 2147483647;
			files = (
			);
			inputFileListPaths = (
			);
			inputPaths = (
				"${PODS_PODFILE_DIR_PATH}/Podfile.lock",
				"${PODS_ROOT}/Manifest.lock",
			);
			name = "[CP] Check Pods Manifest.lock";
			outputFileListPaths = (
			);
			outputPaths = (
				"$(DERIVED_FILE_DIR)/Pods-Gradients-GradientsUITests-checkManifestLockResult.txt",
			);
			runOnlyForDeploymentPostprocessing = 0;
			shellPath = /bin/sh;
			shellScript = "diff \"${PODS_PODFILE_DIR_PATH}/Podfile.lock\" \"${PODS_ROOT}/Manifest.lock\" > /dev/null\nif [ $? != 0 ] ; then\n    # print error to STDERR\n    echo \"error: The sandbox is not in sync with the Podfile.lock. Run 'pod install' or update your CocoaPods installation.\" >&2\n    exit 1\nfi\n# This output is used by Xcode 'outputs' to avoid re-running this script phase.\necho \"SUCCESS\" > \"${SCRIPT_OUTPUT_FILE_0}\"\n";
			showEnvVarsInLog = 0;
		};
/* End PBXShellScriptBuildPhase section */

/* Begin PBXSourcesBuildPhase section */
		B898C4D5255AC45F0082582B /* Sources */ = {
			isa = PBXSourcesBuildPhase;
			buildActionMask = 2147483647;
			files = (
				B8BDBC92255AE9E0009290E4 /* CreateViewController.swift in Sources */,
				B898C4DD255AC4600082582B /* AppDelegate.swift in Sources */,
				B8BDBCB5255BE4E5009290E4 /* ColorCell.swift in Sources */,
				B8BDBCC0255C52F1009290E4 /* ColorHelper.swift in Sources */,
				B8B62DA42567C5E9003BF656 /* Gradient.swift in Sources */,
				B8F17220256299EE00D8F749 /* ExportViewTest.swift in Sources */,
				B8BDBCD5255DB471009290E4 /* ExportViewController.swift in Sources */,
				B8BDBCAA255BDF0B009290E4 /* SelectedColor.swift in Sources */,
				B8B62D6F25671C6C003BF656 /* PresentationController.swift in Sources */,
				B8BDBC9E255B70F3009290E4 /* ImageSaver.swift in Sources */,
				B8B62D96256722E7003BF656 /* ExportSlideViewController.swift in Sources */,
				B898C4DF255AC4600082582B /* SceneDelegate.swift in Sources */,
				B8E32935256C11CD001CA7A4 /* GradientsCollectionViewCell.swift in Sources */,
				B898C4E7255AC4600082582B /* Gradients.xcdatamodeld in Sources */,
				B8E3292C256C108C001CA7A4 /* GradientsCollectionViewController.swift in Sources */,
				B8BDBCCB255CAABE009290E4 /* AddNewColorCell.swift in Sources */,
				B8E3294F256E7BAD001CA7A4 /* GradientsCollectionViewHeader.swift in Sources */,
			);
			runOnlyForDeploymentPostprocessing = 0;
		};
		B898C4EE255AC4620082582B /* Sources */ = {
			isa = PBXSourcesBuildPhase;
			buildActionMask = 2147483647;
			files = (
				B8BDBCAB255BDF0B009290E4 /* SelectedColor.swift in Sources */,
				B898C4F7255AC4620082582B /* GradientsTests.swift in Sources */,
				B8BDBCD6255DB471009290E4 /* ExportViewController.swift in Sources */,
				B8B62D7425671CEC003BF656 /* ImageSaver.swift in Sources */,
				B8BDBCB6255BE4E5009290E4 /* ColorCell.swift in Sources */,
				B8BDBCCC255CAABE009290E4 /* AddNewColorCell.swift in Sources */,
				B8BDBCC1255C52F2009290E4 /* ColorHelper.swift in Sources */,
			);
			runOnlyForDeploymentPostprocessing = 0;
		};
		B898C4F9255AC4620082582B /* Sources */ = {
			isa = PBXSourcesBuildPhase;
			buildActionMask = 2147483647;
			files = (
				B8BDBCAC255BDF0B009290E4 /* SelectedColor.swift in Sources */,
				B898C502255AC4620082582B /* GradientsUITests.swift in Sources */,
				B8BDBCD7255DB471009290E4 /* ExportViewController.swift in Sources */,
				B8B62D7325671CEC003BF656 /* ImageSaver.swift in Sources */,
				B8BDBCB7255BE4E5009290E4 /* ColorCell.swift in Sources */,
				B8BDBCCD255CAABF009290E4 /* AddNewColorCell.swift in Sources */,
				B8BDBCC2255C52F2009290E4 /* ColorHelper.swift in Sources */,
			);
			runOnlyForDeploymentPostprocessing = 0;
		};
/* End PBXSourcesBuildPhase section */

/* Begin PBXTargetDependency section */
		B898C4F4255AC4620082582B /* PBXTargetDependency */ = {
			isa = PBXTargetDependency;
			target = B898C4D8255AC45F0082582B /* Gradients */;
			targetProxy = B898C4F3255AC4620082582B /* PBXContainerItemProxy */;
		};
		B898C4FF255AC4620082582B /* PBXTargetDependency */ = {
			isa = PBXTargetDependency;
			target = B898C4D8255AC45F0082582B /* Gradients */;
			targetProxy = B898C4FE255AC4620082582B /* PBXContainerItemProxy */;
		};
/* End PBXTargetDependency section */

/* Begin PBXVariantGroup section */
		B898C4E2255AC4600082582B /* Main.storyboard */ = {
			isa = PBXVariantGroup;
			children = (
				B898C4E3255AC4600082582B /* Base */,
			);
			name = Main.storyboard;
			sourceTree = "<group>";
		};
		B898C4EA255AC4620082582B /* LaunchScreen.storyboard */ = {
			isa = PBXVariantGroup;
			children = (
				B898C4EB255AC4620082582B /* Base */,
			);
			name = LaunchScreen.storyboard;
			sourceTree = "<group>";
		};
/* End PBXVariantGroup section */

/* Begin XCBuildConfiguration section */
		B898C504255AC4620082582B /* Debug */ = {
			isa = XCBuildConfiguration;
			buildSettings = {
				ALWAYS_SEARCH_USER_PATHS = NO;
				CLANG_ANALYZER_NONNULL = YES;
				CLANG_ANALYZER_NUMBER_OBJECT_CONVERSION = YES_AGGRESSIVE;
				CLANG_CXX_LANGUAGE_STANDARD = "gnu++14";
				CLANG_CXX_LIBRARY = "libc++";
				CLANG_ENABLE_MODULES = YES;
				CLANG_ENABLE_OBJC_ARC = YES;
				CLANG_ENABLE_OBJC_WEAK = YES;
				CLANG_WARN_BLOCK_CAPTURE_AUTORELEASING = YES;
				CLANG_WARN_BOOL_CONVERSION = YES;
				CLANG_WARN_COMMA = YES;
				CLANG_WARN_CONSTANT_CONVERSION = YES;
				CLANG_WARN_DEPRECATED_OBJC_IMPLEMENTATIONS = YES;
				CLANG_WARN_DIRECT_OBJC_ISA_USAGE = YES_ERROR;
				CLANG_WARN_DOCUMENTATION_COMMENTS = YES;
				CLANG_WARN_EMPTY_BODY = YES;
				CLANG_WARN_ENUM_CONVERSION = YES;
				CLANG_WARN_INFINITE_RECURSION = YES;
				CLANG_WARN_INT_CONVERSION = YES;
				CLANG_WARN_NON_LITERAL_NULL_CONVERSION = YES;
				CLANG_WARN_OBJC_IMPLICIT_RETAIN_SELF = YES;
				CLANG_WARN_OBJC_LITERAL_CONVERSION = YES;
				CLANG_WARN_OBJC_ROOT_CLASS = YES_ERROR;
				CLANG_WARN_QUOTED_INCLUDE_IN_FRAMEWORK_HEADER = YES;
				CLANG_WARN_RANGE_LOOP_ANALYSIS = YES;
				CLANG_WARN_STRICT_PROTOTYPES = YES;
				CLANG_WARN_SUSPICIOUS_MOVE = YES;
				CLANG_WARN_UNGUARDED_AVAILABILITY = YES_AGGRESSIVE;
				CLANG_WARN_UNREACHABLE_CODE = YES;
				CLANG_WARN__DUPLICATE_METHOD_MATCH = YES;
				COPY_PHASE_STRIP = NO;
				DEBUG_INFORMATION_FORMAT = dwarf;
				ENABLE_STRICT_OBJC_MSGSEND = YES;
				ENABLE_TESTABILITY = YES;
				GCC_C_LANGUAGE_STANDARD = gnu11;
				GCC_DYNAMIC_NO_PIC = NO;
				GCC_NO_COMMON_BLOCKS = YES;
				GCC_OPTIMIZATION_LEVEL = 0;
				GCC_PREPROCESSOR_DEFINITIONS = (
					"DEBUG=1",
					"$(inherited)",
				);
				GCC_WARN_64_TO_32_BIT_CONVERSION = YES;
				GCC_WARN_ABOUT_RETURN_TYPE = YES_ERROR;
				GCC_WARN_UNDECLARED_SELECTOR = YES;
				GCC_WARN_UNINITIALIZED_AUTOS = YES_AGGRESSIVE;
				GCC_WARN_UNUSED_FUNCTION = YES;
				GCC_WARN_UNUSED_VARIABLE = YES;
				IPHONEOS_DEPLOYMENT_TARGET = 14.1;
				MTL_ENABLE_DEBUG_INFO = INCLUDE_SOURCE;
				MTL_FAST_MATH = YES;
				ONLY_ACTIVE_ARCH = YES;
				SDKROOT = iphoneos;
				SWIFT_ACTIVE_COMPILATION_CONDITIONS = DEBUG;
				SWIFT_OPTIMIZATION_LEVEL = "-Onone";
			};
			name = Debug;
		};
		B898C505255AC4620082582B /* Release */ = {
			isa = XCBuildConfiguration;
			buildSettings = {
				ALWAYS_SEARCH_USER_PATHS = NO;
				CLANG_ANALYZER_NONNULL = YES;
				CLANG_ANALYZER_NUMBER_OBJECT_CONVERSION = YES_AGGRESSIVE;
				CLANG_CXX_LANGUAGE_STANDARD = "gnu++14";
				CLANG_CXX_LIBRARY = "libc++";
				CLANG_ENABLE_MODULES = YES;
				CLANG_ENABLE_OBJC_ARC = YES;
				CLANG_ENABLE_OBJC_WEAK = YES;
				CLANG_WARN_BLOCK_CAPTURE_AUTORELEASING = YES;
				CLANG_WARN_BOOL_CONVERSION = YES;
				CLANG_WARN_COMMA = YES;
				CLANG_WARN_CONSTANT_CONVERSION = YES;
				CLANG_WARN_DEPRECATED_OBJC_IMPLEMENTATIONS = YES;
				CLANG_WARN_DIRECT_OBJC_ISA_USAGE = YES_ERROR;
				CLANG_WARN_DOCUMENTATION_COMMENTS = YES;
				CLANG_WARN_EMPTY_BODY = YES;
				CLANG_WARN_ENUM_CONVERSION = YES;
				CLANG_WARN_INFINITE_RECURSION = YES;
				CLANG_WARN_INT_CONVERSION = YES;
				CLANG_WARN_NON_LITERAL_NULL_CONVERSION = YES;
				CLANG_WARN_OBJC_IMPLICIT_RETAIN_SELF = YES;
				CLANG_WARN_OBJC_LITERAL_CONVERSION = YES;
				CLANG_WARN_OBJC_ROOT_CLASS = YES_ERROR;
				CLANG_WARN_QUOTED_INCLUDE_IN_FRAMEWORK_HEADER = YES;
				CLANG_WARN_RANGE_LOOP_ANALYSIS = YES;
				CLANG_WARN_STRICT_PROTOTYPES = YES;
				CLANG_WARN_SUSPICIOUS_MOVE = YES;
				CLANG_WARN_UNGUARDED_AVAILABILITY = YES_AGGRESSIVE;
				CLANG_WARN_UNREACHABLE_CODE = YES;
				CLANG_WARN__DUPLICATE_METHOD_MATCH = YES;
				COPY_PHASE_STRIP = NO;
				DEBUG_INFORMATION_FORMAT = "dwarf-with-dsym";
				ENABLE_NS_ASSERTIONS = NO;
				ENABLE_STRICT_OBJC_MSGSEND = YES;
				GCC_C_LANGUAGE_STANDARD = gnu11;
				GCC_NO_COMMON_BLOCKS = YES;
				GCC_WARN_64_TO_32_BIT_CONVERSION = YES;
				GCC_WARN_ABOUT_RETURN_TYPE = YES_ERROR;
				GCC_WARN_UNDECLARED_SELECTOR = YES;
				GCC_WARN_UNINITIALIZED_AUTOS = YES_AGGRESSIVE;
				GCC_WARN_UNUSED_FUNCTION = YES;
				GCC_WARN_UNUSED_VARIABLE = YES;
				IPHONEOS_DEPLOYMENT_TARGET = 14.1;
				MTL_ENABLE_DEBUG_INFO = NO;
				MTL_FAST_MATH = YES;
				SDKROOT = iphoneos;
				SWIFT_COMPILATION_MODE = wholemodule;
				SWIFT_OPTIMIZATION_LEVEL = "-O";
				VALIDATE_PRODUCT = YES;
			};
			name = Release;
		};
		B898C507255AC4620082582B /* Debug */ = {
			isa = XCBuildConfiguration;
			baseConfigurationReference = D11B620A873A6E548861DEBC /* Pods-Gradients.debug.xcconfig */;
			buildSettings = {
				ASSETCATALOG_COMPILER_APPICON_NAME = AppIcon;
				ASSETCATALOG_COMPILER_GLOBAL_ACCENT_COLOR_NAME = AccentColor;
				CODE_SIGN_STYLE = Automatic;
				DEVELOPMENT_TEAM = P56Q9SD2F5;
				INFOPLIST_FILE = Gradients/Info.plist;
				LD_RUNPATH_SEARCH_PATHS = (
					"$(inherited)",
					"@executable_path/Frameworks",
				);
				PRODUCT_BUNDLE_IDENTIFIER = de.davideutsch.Gradients;
				PRODUCT_NAME = "$(TARGET_NAME)";
				SWIFT_VERSION = 5.0;
				TARGETED_DEVICE_FAMILY = "1,2";
			};
			name = Debug;
		};
		B898C508255AC4620082582B /* Release */ = {
			isa = XCBuildConfiguration;
			baseConfigurationReference = CC69EC56D99A7BCB0171F0E8 /* Pods-Gradients.release.xcconfig */;
			buildSettings = {
				ASSETCATALOG_COMPILER_APPICON_NAME = AppIcon;
				ASSETCATALOG_COMPILER_GLOBAL_ACCENT_COLOR_NAME = AccentColor;
				CODE_SIGN_STYLE = Automatic;
				DEVELOPMENT_TEAM = P56Q9SD2F5;
				INFOPLIST_FILE = Gradients/Info.plist;
				LD_RUNPATH_SEARCH_PATHS = (
					"$(inherited)",
					"@executable_path/Frameworks",
				);
				PRODUCT_BUNDLE_IDENTIFIER = de.davideutsch.Gradients;
				PRODUCT_NAME = "$(TARGET_NAME)";
				SWIFT_VERSION = 5.0;
				TARGETED_DEVICE_FAMILY = "1,2";
			};
			name = Release;
		};
		B898C50A255AC4620082582B /* Debug */ = {
			isa = XCBuildConfiguration;
			baseConfigurationReference = 785C8490863479048CF7B995 /* Pods-GradientsTests.debug.xcconfig */;
			buildSettings = {
				ALWAYS_EMBED_SWIFT_STANDARD_LIBRARIES = YES;
				BUNDLE_LOADER = "$(TEST_HOST)";
				CODE_SIGN_STYLE = Automatic;
				DEVELOPMENT_TEAM = P56Q9SD2F5;
				INFOPLIST_FILE = GradientsTests/Info.plist;
				IPHONEOS_DEPLOYMENT_TARGET = 14.1;
				LD_RUNPATH_SEARCH_PATHS = (
					"$(inherited)",
					"@executable_path/Frameworks",
					"@loader_path/Frameworks",
				);
				PRODUCT_BUNDLE_IDENTIFIER = de.davideutsch.GradientsTests;
				PRODUCT_NAME = "$(TARGET_NAME)";
				SWIFT_VERSION = 5.0;
				TARGETED_DEVICE_FAMILY = "1,2";
				TEST_HOST = "$(BUILT_PRODUCTS_DIR)/Gradients.app/Gradients";
			};
			name = Debug;
		};
		B898C50B255AC4620082582B /* Release */ = {
			isa = XCBuildConfiguration;
			baseConfigurationReference = 4E66BBA2376B2645C180BCF4 /* Pods-GradientsTests.release.xcconfig */;
			buildSettings = {
				ALWAYS_EMBED_SWIFT_STANDARD_LIBRARIES = YES;
				BUNDLE_LOADER = "$(TEST_HOST)";
				CODE_SIGN_STYLE = Automatic;
				DEVELOPMENT_TEAM = P56Q9SD2F5;
				INFOPLIST_FILE = GradientsTests/Info.plist;
				IPHONEOS_DEPLOYMENT_TARGET = 14.1;
				LD_RUNPATH_SEARCH_PATHS = (
					"$(inherited)",
					"@executable_path/Frameworks",
					"@loader_path/Frameworks",
				);
				PRODUCT_BUNDLE_IDENTIFIER = de.davideutsch.GradientsTests;
				PRODUCT_NAME = "$(TARGET_NAME)";
				SWIFT_VERSION = 5.0;
				TARGETED_DEVICE_FAMILY = "1,2";
				TEST_HOST = "$(BUILT_PRODUCTS_DIR)/Gradients.app/Gradients";
			};
			name = Release;
		};
		B898C50D255AC4620082582B /* Debug */ = {
			isa = XCBuildConfiguration;
			baseConfigurationReference = 50572FFC27E98E4212C633F2 /* Pods-Gradients-GradientsUITests.debug.xcconfig */;
			buildSettings = {
				ALWAYS_EMBED_SWIFT_STANDARD_LIBRARIES = YES;
				CODE_SIGN_STYLE = Automatic;
				DEVELOPMENT_TEAM = P56Q9SD2F5;
				INFOPLIST_FILE = GradientsUITests/Info.plist;
				LD_RUNPATH_SEARCH_PATHS = (
					"$(inherited)",
					"@executable_path/Frameworks",
					"@loader_path/Frameworks",
				);
				PRODUCT_BUNDLE_IDENTIFIER = de.davideutsch.GradientsUITests;
				PRODUCT_NAME = "$(TARGET_NAME)";
				SWIFT_VERSION = 5.0;
				TARGETED_DEVICE_FAMILY = "1,2";
				TEST_TARGET_NAME = Gradients;
			};
			name = Debug;
		};
		B898C50E255AC4620082582B /* Release */ = {
			isa = XCBuildConfiguration;
			baseConfigurationReference = DAAB012C7C4EB9C9A96956D3 /* Pods-Gradients-GradientsUITests.release.xcconfig */;
			buildSettings = {
				ALWAYS_EMBED_SWIFT_STANDARD_LIBRARIES = YES;
				CODE_SIGN_STYLE = Automatic;
				DEVELOPMENT_TEAM = P56Q9SD2F5;
				INFOPLIST_FILE = GradientsUITests/Info.plist;
				LD_RUNPATH_SEARCH_PATHS = (
					"$(inherited)",
					"@executable_path/Frameworks",
					"@loader_path/Frameworks",
				);
				PRODUCT_BUNDLE_IDENTIFIER = de.davideutsch.GradientsUITests;
				PRODUCT_NAME = "$(TARGET_NAME)";
				SWIFT_VERSION = 5.0;
				TARGETED_DEVICE_FAMILY = "1,2";
				TEST_TARGET_NAME = Gradients;
			};
			name = Release;
		};
/* End XCBuildConfiguration section */

/* Begin XCConfigurationList section */
		B898C4D4255AC45F0082582B /* Build configuration list for PBXProject "Gradients" */ = {
			isa = XCConfigurationList;
			buildConfigurations = (
				B898C504255AC4620082582B /* Debug */,
				B898C505255AC4620082582B /* Release */,
			);
			defaultConfigurationIsVisible = 0;
			defaultConfigurationName = Release;
		};
		B898C506255AC4620082582B /* Build configuration list for PBXNativeTarget "Gradients" */ = {
			isa = XCConfigurationList;
			buildConfigurations = (
				B898C507255AC4620082582B /* Debug */,
				B898C508255AC4620082582B /* Release */,
			);
			defaultConfigurationIsVisible = 0;
			defaultConfigurationName = Release;
		};
		B898C509255AC4620082582B /* Build configuration list for PBXNativeTarget "GradientsTests" */ = {
			isa = XCConfigurationList;
			buildConfigurations = (
				B898C50A255AC4620082582B /* Debug */,
				B898C50B255AC4620082582B /* Release */,
			);
			defaultConfigurationIsVisible = 0;
			defaultConfigurationName = Release;
		};
		B898C50C255AC4620082582B /* Build configuration list for PBXNativeTarget "GradientsUITests" */ = {
			isa = XCConfigurationList;
			buildConfigurations = (
				B898C50D255AC4620082582B /* Debug */,
				B898C50E255AC4620082582B /* Release */,
			);
			defaultConfigurationIsVisible = 0;
			defaultConfigurationName = Release;
		};
/* End XCConfigurationList section */

/* Begin XCVersionGroup section */
		B898C4E5255AC4600082582B /* Gradients.xcdatamodeld */ = {
			isa = XCVersionGroup;
			children = (
				B898C4E6255AC4600082582B /* Gradients.xcdatamodel */,
			);
			currentVersion = B898C4E6255AC4600082582B /* Gradients.xcdatamodel */;
			path = Gradients.xcdatamodeld;
			sourceTree = "<group>";
			versionGroupType = wrapper.xcdatamodel;
		};
/* End XCVersionGroup section */
	};
	rootObject = B898C4D1255AC45F0082582B /* Project object */;
}
